
Microsoft Visual Studio Solution File, Format Version 12.00
# Visual Studio Version 16
VisualStudioVersion = 16.0.30907.101
MinimumVisualStudioVersion = 10.0.40219.1
Project("{888888A0-9F3D-457C-B088-3A5042F75D52}") = "GalaxyNV", "GalaxyNV.pyproj", "{3FA72BA4-EAC2-49D8-AC1B-9377353247C5}"
EndProject
Global
	GlobalSection(SolutionConfigurationPlatforms) = preSolution
		Debug|Any CPU = Debug|Any CPU
		Release|Any CPU = Release|Any CPU
	EndGlobalSection
	GlobalSection(ProjectConfigurationPlatforms) = postSolution
		{3FA72BA4-EAC2-49D8-AC1B-9377353247C5}.Debug|Any CPU.ActiveCfg = Debug|Any CPU
		{3FA72BA4-EAC2-49D8-AC1B-9377353247C5}.Debug|Any CPU.Build.0 = Debug|Any CPU
		{3FA72BA4-EAC2-49D8-AC1B-9377353247C5}.Release|Any CPU.ActiveCfg = Release|Any CPU
		{3FA72BA4-EAC2-49D8-AC1B-9377353247C5}.Release|Any CPU.Build.0 = Release|Any CPU
	EndGlobalSection
	GlobalSection(SolutionProperties) = preSolution
		HideSolutionNode = FALSE
	EndGlobalSection
	GlobalSection(ExtensibilityGlobals) = postSolution
		SolutionGuid = {02D308A4-BC5C-4CAE-88A5-3C8E46ACB1FB}
	EndGlobalSection
EndGlobal
